
Microsoft Visual Studio Solution File, Format Version 12.00
# Visual Studio Version 16
VisualStudioVersion = 16.0.32002.261
MinimumVisualStudioVersion = 10.0.40219.1
Project("{FAE04EC0-301F-11D3-BF4B-00C04F79EFBC}") = "CopyGroup", "CopyGroup\CopyGroup.csproj", "{A8BF56EC-C1CB-4674-8F72-13500D979A0E}"
EndProject
Global
	GlobalSection(SolutionConfigurationPlatforms) = preSolution
		Debug|Any CPU = Debug|Any CPU
		Release|Any CPU = Release|Any CPU
	EndGlobalSection
	GlobalSection(ProjectConfigurationPlatforms) = postSolution
		{A8BF56EC-C1CB-4674-8F72-13500D979A0E}.Debug|Any CPU.ActiveCfg = Debug|Any CPU
		{A8BF56EC-C1CB-4674-8F72-13500D979A0E}.Debug|Any CPU.Build.0 = Debug|Any CPU
		{A8BF56EC-C1CB-4674-8F72-13500D979A0E}.Release|Any CPU.ActiveCfg = Release|Any CPU
		{A8BF56EC-C1CB-4674-8F72-13500D979A0E}.Release|Any CPU.Build.0 = Release|Any CPU
	EndGlobalSection
	GlobalSection(SolutionProperties) = preSolution
		HideSolutionNode = FALSE
	EndGlobalSection
	GlobalSection(ExtensibilityGlobals) = postSolution
		SolutionGuid = {2E61C834-FB3C-4143-89FA-36B2DAE82FE2}
	EndGlobalSection
EndGlobal
